#MicroXplorer Configuration settings - do not modify
CAD.formats=
CAD.pinconfig=
CAD.provider=
DFSDM1.Divider=60
DFSDM1.DmaMode_reg_FIL0=ENABLE
DFSDM1.FastMode_reg_FIL0=ENABLE
DFSDM1.Filter_regChannel_FIL0=DFSDM_CHANNEL_2
DFSDM1.Fosr_FIL0=250
DFSDM1.IPParameters=Divider,Filter_regChannel_FIL0,SincOrder_FIL0,Fosr_FIL0,FastMode_reg_FIL0,DmaMode_reg_FIL0,Offset_CH2,RightBitShift_CH2
DFSDM1.Offset_CH2=0
DFSDM1.RightBitShift_CH2=0x00
DFSDM1.SincOrder_FIL0=DFSDM_FILTER_SINC3_ORDER
Dma.DFSDM1_FLT0.0.Direction=DMA_PERIPH_TO_MEMORY
Dma.DFSDM1_FLT0.0.EventEnable=DISABLE
Dma.DFSDM1_FLT0.0.Instance=DMA1_Channel1
Dma.DFSDM1_FLT0.0.MemDataAlignment=DMA_MDATAALIGN_WORD
Dma.DFSDM1_FLT0.0.MemInc=DMA_MINC_ENABLE
Dma.DFSDM1_FLT0.0.Mode=DMA_CIRCULAR
Dma.DFSDM1_FLT0.0.PeriphDataAlignment=DMA_PDATAALIGN_WORD
Dma.DFSDM1_FLT0.0.PeriphInc=DMA_PINC_DISABLE
Dma.DFSDM1_FLT0.0.Polarity=HAL_DMAMUX_REQUEST_GEN_RISING
Dma.DFSDM1_FLT0.0.Priority=DMA_PRIORITY_LOW
Dma.DFSDM1_FLT0.0.RequestNumber=1
Dma.DFSDM1_FLT0.0.RequestParameters=Instance,Direction,PeriphInc,MemInc,PeriphDataAlignment,MemDataAlignment,Mode,Priority,SignalID,Polarity,RequestNumber,SyncSignalID,SyncPolarity,SyncEnable,EventEnable,SyncRequestNumber
Dma.DFSDM1_FLT0.0.SignalID=NONE
Dma.DFSDM1_FLT0.0.SyncEnable=DISABLE
Dma.DFSDM1_FLT0.0.SyncPolarity=HAL_DMAMUX_SYNC_NO_EVENT
Dma.DFSDM1_FLT0.0.SyncRequestNumber=1
Dma.DFSDM1_FLT0.0.SyncSignalID=NONE
Dma.Request0=DFSDM1_FLT0
Dma.RequestsNb=1
File.Version=6
GPIO.groupedBy=Group By Peripherals
I2C2.IPParameters=Timing
I2C2.Timing=0x30A175AB
KeepUserPlacement=false
Mcu.CPN=STM32L4S5VIT6
Mcu.Family=STM32L4
Mcu.IP0=DFSDM1
Mcu.IP1=DMA
Mcu.IP2=I2C2
Mcu.IP3=NVIC
Mcu.IP4=OCTOSPI1
Mcu.IP5=RCC
Mcu.IP6=SYS
Mcu.IP7=TIM2
Mcu.IP8=USART1
Mcu.IPNb=9
Mcu.Name=STM32L4S5VITx
Mcu.Package=LQFP100
Mcu.Pin0=PC13
Mcu.Pin1=PE7
Mcu.Pin10=PB11
Mcu.Pin11=PB6
Mcu.Pin12=PB7
Mcu.Pin13=VP_OCTOSPI1_VS_quad
Mcu.Pin14=VP_SYS_VS_Systick
Mcu.Pin15=VP_TIM2_VS_ClockSourceINT
Mcu.Pin2=PE9
Mcu.Pin3=PE10
Mcu.Pin4=PE11
Mcu.Pin5=PE12
Mcu.Pin6=PE13
Mcu.Pin7=PE14
Mcu.Pin8=PE15
Mcu.Pin9=PB10
Mcu.PinsNb=16
Mcu.ThirdParty0=STMicroelectronics.X-CUBE-AI.9.1.0
Mcu.ThirdPartyNb=1
Mcu.UserConstants=
Mcu.UserName=STM32L4S5VITx
MxCube.Version=6.12.1
MxDb.Version=DB.6.0.121
NVIC.BusFault_IRQn=true\:0\:0\:false\:false\:true\:false\:false\:false
NVIC.DMA1_Channel1_IRQn=true\:0\:0\:false\:false\:true\:false\:true\:true
NVIC.DebugMonitor_IRQn=true\:0\:0\:false\:false\:true\:false\:false\:false
NVIC.EXTI15_10_IRQn=true\:0\:0\:false\:false\:true\:true\:true\:true
NVIC.ForceEnableDMAVector=true
NVIC.HardFault_IRQn=true\:0\:0\:false\:false\:true\:false\:false\:false
NVIC.MemoryManagement_IRQn=true\:0\:0\:false\:false\:true\:false\:false\:false
NVIC.NonMaskableInt_IRQn=true\:0\:0\:false\:false\:true\:false\:false\:false
NVIC.PendSV_IRQn=true\:0\:0\:false\:false\:true\:false\:false\:false
NVIC.PriorityGroup=NVIC_PRIORITYGROUP_4
NVIC.SVCall_IRQn=true\:0\:0\:false\:false\:true\:false\:false\:false
NVIC.SysTick_IRQn=true\:0\:0\:false\:false\:true\:false\:true\:false
NVIC.TIM2_IRQn=true\:0\:0\:false\:false\:true\:true\:true\:true
NVIC.UsageFault_IRQn=true\:0\:0\:false\:false\:true\:false\:false\:false
PB10.Mode=I2C
PB10.Signal=I2C2_SCL
PB11.Mode=I2C
PB11.Signal=I2C2_SDA
PB6.Locked=true
PB6.Mode=Asynchronous
PB6.Signal=USART1_TX
PB7.Locked=true
PB7.Mode=Asynchronous
PB7.Signal=USART1_RX
PC13.GPIOParameters=GPIO_Label
PC13.GPIO_Label=B2
PC13.Locked=true
PC13.Signal=GPXTI13
PE10.Locked=true
PE10.Signal=OCTOSPIM_P1_CLK
PE11.Locked=true
PE11.Signal=OCTOSPIM_P1_NCS
PE12.Locked=true
PE12.Signal=OCTOSPIM_P1_IO0
PE13.Locked=true
PE13.Signal=OCTOSPIM_P1_IO1
PE14.Locked=true
PE14.Signal=OCTOSPIM_P1_IO2
PE15.Locked=true
PE15.Signal=OCTOSPIM_P1_IO3
PE7.Locked=true
PE7.Signal=S_DATAIN2DFSDM1
PE9.Locked=true
PE9.Signal=S_CKOUTDFSDM1
PinOutPanel.RotationAngle=0
ProjectManager.AskForMigrate=true
ProjectManager.BackupPrevious=false
ProjectManager.CompilerOptimize=6
ProjectManager.ComputerToolchain=false
ProjectManager.CoupleFile=false
ProjectManager.CustomerFirmwarePackage=
ProjectManager.DefaultFWLocation=true
ProjectManager.DeletePrevious=true
ProjectManager.DeviceId=STM32L4S5VITx
ProjectManager.FirmwarePackage=STM32Cube FW_L4 V1.18.1
ProjectManager.FreePins=false
ProjectManager.HalAssertFull=false
ProjectManager.HeapSize=0x800
ProjectManager.KeepUserCode=true
ProjectManager.LastFirmware=true
ProjectManager.LibraryCopy=1
ProjectManager.MainLocation=Core/Src
ProjectManager.NoMain=false
ProjectManager.PreviousToolchain=
ProjectManager.ProjectBuild=false
ProjectManager.ProjectFileName=ECSE444_VoiceControl.ioc
ProjectManager.ProjectName=ECSE444_VoiceControl
ProjectManager.ProjectStructure=
ProjectManager.RegisterCallBack=
ProjectManager.StackSize=0x800
ProjectManager.TargetToolchain=STM32CubeIDE
ProjectManager.ToolChainLocation=
ProjectManager.UAScriptAfterPath=
ProjectManager.UAScriptBeforePath=
ProjectManager.UnderRoot=true
ProjectManager.functionlistsort=1-SystemClock_Config-RCC-false-HAL-false,2-MX_GPIO_Init-GPIO-false-HAL-true,3-MX_DMA_Init-DMA-false-HAL-true,4-MX_I2C2_Init-I2C2-false-HAL-true,5-MX_USART1_UART_Init-USART1-false-HAL-true,6-MX_DFSDM1_Init-DFSDM1-false-HAL-true,7-MX_OCTOSPI1_Init-OCTOSPI1-false-HAL-true
RCC.ADCFreq_Value=32000000
RCC.AHBFreq_Value=120000000
RCC.APB1Freq_Value=120000000
RCC.APB1TimFreq_Value=120000000
RCC.APB2Freq_Value=120000000
RCC.APB2TimFreq_Value=120000000
RCC.CRSFreq_Value=48000000
RCC.CortexFreq_Value=120000000
RCC.DFSDMAudioCLockSelection=RCC_DFSDM1AUDIOCLKSOURCE_SAI1
RCC.DFSDMAudioFreq_Value=32000000
RCC.DFSDMFreq_Value=120000000
RCC.FCLKCortexFreq_Value=120000000
RCC.FamilyName=M
RCC.HCLKFreq_Value=120000000
RCC.HSE_VALUE=8000000
RCC.HSI48_VALUE=48000000
RCC.HSI_VALUE=16000000
RCC.I2C1Freq_Value=120000000
RCC.I2C2Freq_Value=120000000
RCC.I2C3Freq_Value=120000000
RCC.I2C4Freq_Value=120000000
RCC.IPParameters=ADCFreq_Value,AHBFreq_Value,APB1Freq_Value,APB1TimFreq_Value,APB2Freq_Value,APB2TimFreq_Value,CRSFreq_Value,CortexFreq_Value,DFSDMAudioCLockSelection,DFSDMAudioFreq_Value,DFSDMFreq_Value,FCLKCortexFreq_Value,FamilyName,HCLKFreq_Value,HSE_VALUE,HSI48_VALUE,HSI_VALUE,I2C1Freq_Value,I2C2Freq_Value,I2C3Freq_Value,I2C4Freq_Value,LCDTFTFreq_Value,LPTIM1Freq_Value,LPTIM2Freq_Value,LPUART1Freq_Value,LSCOPinFreq_Value,LSE_VALUE,LSI_VALUE,MCO1PinFreq_Value,MSI_VALUE,OCTOSPIMFreq_Value,PLLN,PLLPoutputFreq_Value,PLLQoutputFreq_Value,PLLRCLKFreq_Value,PLLSAI1N,PLLSAI1PoutputFreq_Value,PLLSAI1QoutputFreq_Value,PLLSAI1RoutputFreq_Value,PLLSAI2PoutputFreq_Value,PLLSAI2QoutputFreq_Value,PLLSAI2RoutputFreq_Value,PWRFreq_Value,RNGFreq_Value,SAI1Freq_Value,SAI2Freq_Value,SDMMCFreq_Value,SYSCLKFreq_VALUE,SYSCLKSource,UART4Freq_Value,UART5Freq_Value,USART1Freq_Value,USART2Freq_Value,USART3Freq_Value,USBFreq_Value,VCOInput2Freq_Value,VCOInput3Freq_Value,VCOInputFreq_Value,VCOOutputFreq_Value,VCOSAI1OutputFreq_Value,VCOSAI2OutputFreq_Value
RCC.LCDTFTFreq_Value=8000000
RCC.LPTIM1Freq_Value=120000000
RCC.LPTIM2Freq_Value=120000000
RCC.LPUART1Freq_Value=120000000
RCC.LSCOPinFreq_Value=32000
RCC.LSE_VALUE=32768
RCC.LSI_VALUE=32000
RCC.MCO1PinFreq_Value=120000000
RCC.MSI_VALUE=4000000
RCC.OCTOSPIMFreq_Value=120000000
RCC.PLLN=60
RCC.PLLPoutputFreq_Value=120000000
RCC.PLLQoutputFreq_Value=120000000
RCC.PLLRCLKFreq_Value=120000000
RCC.PLLSAI1N=16
RCC.PLLSAI1PoutputFreq_Value=32000000
RCC.PLLSAI1QoutputFreq_Value=32000000
RCC.PLLSAI1RoutputFreq_Value=32000000
RCC.PLLSAI2PoutputFreq_Value=16000000
RCC.PLLSAI2QoutputFreq_Value=16000000
RCC.PLLSAI2RoutputFreq_Value=16000000
RCC.PWRFreq_Value=120000000
RCC.RNGFreq_Value=32000000
RCC.SAI1Freq_Value=32000000
RCC.SAI2Freq_Value=32000000
RCC.SDMMCFreq_Value=120000000
RCC.SYSCLKFreq_VALUE=120000000
RCC.SYSCLKSource=RCC_SYSCLKSOURCE_PLLCLK
RCC.UART4Freq_Value=120000000
RCC.UART5Freq_Value=120000000
RCC.USART1Freq_Value=120000000
RCC.USART2Freq_Value=120000000
RCC.USART3Freq_Value=120000000
RCC.USBFreq_Value=32000000
RCC.VCOInput2Freq_Value=4000000
RCC.VCOInput3Freq_Value=4000000
RCC.VCOInputFreq_Value=4000000
RCC.VCOOutputFreq_Value=240000000
RCC.VCOSAI1OutputFreq_Value=64000000
RCC.VCOSAI2OutputFreq_Value=32000000
SH.GPXTI13.0=GPIO_EXTI13
SH.GPXTI13.ConfNb=1
SH.S_CKOUTDFSDM1.0=DFSDM1_CKOUT,PDM_SPI_input_from_ch2_and_internal_clock
SH.S_CKOUTDFSDM1.1=DFSDM1_CKOUT,CKOUT
SH.S_CKOUTDFSDM1.ConfNb=2
SH.S_DATAIN2DFSDM1.0=DFSDM1_DATIN2,PDM_SPI_input_from_ch2_and_internal_clock
SH.S_DATAIN2DFSDM1.ConfNb=1
STMicroelectronics.X-CUBE-AI.9.1.0.ArtificialOoIntelligenceJjXAaCUBEAaAI_Checked=false
STMicroelectronics.X-CUBE-AI.9.1.0.DeviceJjApplication_Checked=false
STMicroelectronics.X-CUBE-AI.9.1.0.HeapSize=0x800
STMicroelectronics.X-CUBE-AI.9.1.0.IPParameters=HeapSize,StackSize,ReadyForCodeGeneration,ModelName-aefaec8a0258086133f6fc342d00fc4e88e6e870b29e14da3a0089a900b873ba,ModelKind-aefaec8a0258086133f6fc342d00fc4e88e6e870b29e14da3a0089a900b873ba,ModelCompression-aefaec8a0258086133f6fc342d00fc4e88e6e870b29e14da3a0089a900b873ba,ModelHashList,ModelNameList,WorkingBufferStartAddrList,ModelType-aefaec8a0258086133f6fc342d00fc4e88e6e870b29e14da3a0089a900b873ba,ModelActualCompression-aefaec8a0258086133f6fc342d00fc4e88e6e870b29e14da3a0089a900b873ba,ModelFlashOccupation-aefaec8a0258086133f6fc342d00fc4e88e6e870b29e14da3a0089a900b873ba,ModelMacc-aefaec8a0258086133f6fc342d00fc4e88e6e870b29e14da3a0089a900b873ba,ModelRamOccupation-aefaec8a0258086133f6fc342d00fc4e88e6e870b29e14da3a0089a900b873ba,copyWeightToRam-aefaec8a0258086133f6fc342d00fc4e88e6e870b29e14da3a0089a900b873ba,useInputAllocation-aefaec8a0258086133f6fc342d00fc4e88e6e870b29e14da3a0089a900b873ba,useOutputAllocation-aefaec8a0258086133f6fc342d00fc4e88e6e870b29e14da3a0089a900b873ba,customLayerConfigEnabled-aefaec8a0258086133f6fc342d00fc4e88e6e870b29e14da3a0089a900b873ba,noOnnxIoTranspose-aefaec8a0258086133f6fc342d00fc4e88e6e870b29e14da3a0089a900b873ba
STMicroelectronics.X-CUBE-AI.9.1.0.ModelActualCompression-aefaec8a0258086133f6fc342d00fc4e88e6e870b29e14da3a0089a900b873ba=0.0
STMicroelectronics.X-CUBE-AI.9.1.0.ModelCompression-aefaec8a0258086133f6fc342d00fc4e88e6e870b29e14da3a0089a900b873ba=None
STMicroelectronics.X-CUBE-AI.9.1.0.ModelFlashOccupation-aefaec8a0258086133f6fc342d00fc4e88e6e870b29e14da3a0089a900b873ba=0
STMicroelectronics.X-CUBE-AI.9.1.0.ModelHashList=aefaec8a0258086133f6fc342d00fc4e88e6e870b29e14da3a0089a900b873ba
STMicroelectronics.X-CUBE-AI.9.1.0.ModelKind-aefaec8a0258086133f6fc342d00fc4e88e6e870b29e14da3a0089a900b873ba=TFLITE
STMicroelectronics.X-CUBE-AI.9.1.0.ModelMacc-aefaec8a0258086133f6fc342d00fc4e88e6e870b29e14da3a0089a900b873ba=0
STMicroelectronics.X-CUBE-AI.9.1.0.ModelName-aefaec8a0258086133f6fc342d00fc4e88e6e870b29e14da3a0089a900b873ba=speech_commands
STMicroelectronics.X-CUBE-AI.9.1.0.ModelNameList=speech_commands
STMicroelectronics.X-CUBE-AI.9.1.0.ModelRamOccupation-aefaec8a0258086133f6fc342d00fc4e88e6e870b29e14da3a0089a900b873ba=0
STMicroelectronics.X-CUBE-AI.9.1.0.ModelType-aefaec8a0258086133f6fc342d00fc4e88e6e870b29e14da3a0089a900b873ba=STM32Cube.AI MCU runtime
STMicroelectronics.X-CUBE-AI.9.1.0.ReadyForCodeGeneration=false
STMicroelectronics.X-CUBE-AI.9.1.0.StackSize=0x800
STMicroelectronics.X-CUBE-AI.9.1.0.WorkingBufferStartAddrList=0xFFFFFFFF
STMicroelectronics.X-CUBE-AI.9.1.0.copyWeightToRam-aefaec8a0258086133f6fc342d00fc4e88e6e870b29e14da3a0089a900b873ba=false
STMicroelectronics.X-CUBE-AI.9.1.0.customLayerConfigEnabled-aefaec8a0258086133f6fc342d00fc4e88e6e870b29e14da3a0089a900b873ba=false
STMicroelectronics.X-CUBE-AI.9.1.0.noOnnxIoTranspose-aefaec8a0258086133f6fc342d00fc4e88e6e870b29e14da3a0089a900b873ba=false
STMicroelectronics.X-CUBE-AI.9.1.0.useInputAllocation-aefaec8a0258086133f6fc342d00fc4e88e6e870b29e14da3a0089a900b873ba=true
STMicroelectronics.X-CUBE-AI.9.1.0.useOutputAllocation-aefaec8a0258086133f6fc342d00fc4e88e6e870b29e14da3a0089a900b873ba=true
STMicroelectronics.X-CUBE-AI.9.1.0_SwParameter=ApplicationCcDeviceJjApplication\:ApplicationTemplate;XAaCUBEAaAICcArtificialOoIntelligenceJjCore\:true;
TIM2.IPParameters=Prescaler,Period
TIM2.Period=10000-1
TIM2.Prescaler=12000
USART1.IPParameters=VirtualMode-Asynchronous
USART1.VirtualMode-Asynchronous=VM_ASYNC
VP_OCTOSPI1_VS_quad.Mode=quad_mode
VP_OCTOSPI1_VS_quad.Signal=OCTOSPI1_VS_quad
VP_SYS_VS_Systick.Mode=SysTick
VP_SYS_VS_Systick.Signal=SYS_VS_Systick
VP_TIM2_VS_ClockSourceINT.Mode=Internal
VP_TIM2_VS_ClockSourceINT.Signal=TIM2_VS_ClockSourceINT
board=B-L4S5I-IOT01A
boardIOC=true
isbadioc=false
